// !$*UTF8*$!
{
	archiveVersion = 1;
	classes = {
	};
	objectVersion = 46;
	objects = {

/* Begin PBXBuildFile section */
		0805052D1E8CE63500CB4EF9 /* PianoDetailTableViewController.swift in Sources */ = {isa = PBXBuildFile; fileRef = 0805052C1E8CE63500CB4EF9 /* PianoDetailTableViewController.swift */; };
		0805052F1E8CF8A400CB4EF9 /* piano_detail.plist in Resources */ = {isa = PBXBuildFile; fileRef = 0805052E1E8CF8A400CB4EF9 /* piano_detail.plist */; };
		080505321E8D06DE00CB4EF9 /* PianoDetailTableViewCell.swift in Sources */ = {isa = PBXBuildFile; fileRef = 080505311E8D06DE00CB4EF9 /* PianoDetailTableViewCell.swift */; };
		081FC2CC1E7240CC0086882B /* PianoDataModel.swift in Sources */ = {isa = PBXBuildFile; fileRef = 081FC2CB1E7240CC0086882B /* PianoDataModel.swift */; };
		081FC2CD1E7240CC0086882B /* PianoDataModel.swift in Sources */ = {isa = PBXBuildFile; fileRef = 081FC2CB1E7240CC0086882B /* PianoDataModel.swift */; };
		082E7EAD1E6FE77500C45EAC /* AYNavigationViewController.swift in Sources */ = {isa = PBXBuildFile; fileRef = 082E7EAC1E6FE77500C45EAC /* AYNavigationViewController.swift */; };
		08EE18881E768199008189FB /* UIViewExtension.swift in Sources */ = {isa = PBXBuildFile; fileRef = 08EE18871E768199008189FB /* UIViewExtension.swift */; };
		08EE18891E768199008189FB /* UIViewExtension.swift in Sources */ = {isa = PBXBuildFile; fileRef = 08EE18871E768199008189FB /* UIViewExtension.swift */; };
		0C29AC090464B032A4ED3389 /* Pods_PianoCollection.framework in Frameworks */ = {isa = PBXBuildFile; fileRef = BD77B454EF09EC2D3ED3774B /* Pods_PianoCollection.framework */; };
		88B09E7D75D835C318DE8FBC /* Pods_PianoCollectionTests.framework in Frameworks */ = {isa = PBXBuildFile; fileRef = 7F316EB41545CCB872703017 /* Pods_PianoCollectionTests.framework */; };
		C08C56981E4F55B7000A539C /* AppDelegate.swift in Sources */ = {isa = PBXBuildFile; fileRef = C08C56971E4F55B7000A539C /* AppDelegate.swift */; };
		C08C569A1E4F55B7000A539C /* FirstViewController.swift in Sources */ = {isa = PBXBuildFile; fileRef = C08C56991E4F55B7000A539C /* FirstViewController.swift */; };
		C08C569C1E4F55B7000A539C /* SecondViewController.swift in Sources */ = {isa = PBXBuildFile; fileRef = C08C569B1E4F55B7000A539C /* SecondViewController.swift */; };
		C08C569F1E4F55B7000A539C /* Main.storyboard in Resources */ = {isa = PBXBuildFile; fileRef = C08C569D1E4F55B7000A539C /* Main.storyboard */; };
		C08C56A11E4F55B7000A539C /* Assets.xcassets in Resources */ = {isa = PBXBuildFile; fileRef = C08C56A01E4F55B7000A539C /* Assets.xcassets */; };
		C08C56A41E4F55B7000A539C /* LaunchScreen.storyboard in Resources */ = {isa = PBXBuildFile; fileRef = C08C56A21E4F55B7000A539C /* LaunchScreen.storyboard */; };
		C08C56AF1E4F55B7000A539C /* PianoCollectionTests.swift in Sources */ = {isa = PBXBuildFile; fileRef = C08C56AE1E4F55B7000A539C /* PianoCollectionTests.swift */; };
		C08C56BA1E4F55B7000A539C /* PianoCollectionUITests.swift in Sources */ = {isa = PBXBuildFile; fileRef = C08C56B91E4F55B7000A539C /* PianoCollectionUITests.swift */; };
		C08C56C81E4F56EF000A539C /* Default-568h@2x.png in Resources */ = {isa = PBXBuildFile; fileRef = C08C56C71E4F56EF000A539C /* Default-568h@2x.png */; };
		C08C56CC1E4F58B5000A539C /* Internet Widgits Pty Ltd.cer in Resources */ = {isa = PBXBuildFile; fileRef = C08C56CB1E4F58B5000A539C /* Internet Widgits Pty Ltd.cer */; };
		C08C56CE1E4F58C4000A539C /* AlexPianoDataBase.sqlite in Resources */ = {isa = PBXBuildFile; fileRef = C08C56CD1E4F58C4000A539C /* AlexPianoDataBase.sqlite */; };
		C0C5A4761E54ACB0007062B1 /* FMDatabase.m in Sources */ = {isa = PBXBuildFile; fileRef = C0C5A46C1E54ACB0007062B1 /* FMDatabase.m */; };
		C0C5A4771E54ACB0007062B1 /* FMDatabase.m in Sources */ = {isa = PBXBuildFile; fileRef = C0C5A46C1E54ACB0007062B1 /* FMDatabase.m */; };
		C0C5A4781E54ACB0007062B1 /* FMDatabaseAdditions.m in Sources */ = {isa = PBXBuildFile; fileRef = C0C5A46E1E54ACB0007062B1 /* FMDatabaseAdditions.m */; };
		C0C5A4791E54ACB0007062B1 /* FMDatabaseAdditions.m in Sources */ = {isa = PBXBuildFile; fileRef = C0C5A46E1E54ACB0007062B1 /* FMDatabaseAdditions.m */; };
		C0C5A47A1E54ACB0007062B1 /* FMDatabasePool.m in Sources */ = {isa = PBXBuildFile; fileRef = C0C5A4701E54ACB0007062B1 /* FMDatabasePool.m */; };
		C0C5A47B1E54ACB0007062B1 /* FMDatabasePool.m in Sources */ = {isa = PBXBuildFile; fileRef = C0C5A4701E54ACB0007062B1 /* FMDatabasePool.m */; };
		C0C5A47C1E54ACB0007062B1 /* FMDatabaseQueue.m in Sources */ = {isa = PBXBuildFile; fileRef = C0C5A4721E54ACB0007062B1 /* FMDatabaseQueue.m */; };
		C0C5A47D1E54ACB0007062B1 /* FMDatabaseQueue.m in Sources */ = {isa = PBXBuildFile; fileRef = C0C5A4721E54ACB0007062B1 /* FMDatabaseQueue.m */; };
		C0C5A47E1E54ACB0007062B1 /* FMResultSet.m in Sources */ = {isa = PBXBuildFile; fileRef = C0C5A4751E54ACB0007062B1 /* FMResultSet.m */; };
		C0C5A47F1E54ACB0007062B1 /* FMResultSet.m in Sources */ = {isa = PBXBuildFile; fileRef = C0C5A4751E54ACB0007062B1 /* FMResultSet.m */; };
		C0C5A4841E54B35E007062B1 /* libsqlite3.tbd in Frameworks */ = {isa = PBXBuildFile; fileRef = C0C5A4831E54B35E007062B1 /* libsqlite3.tbd */; };
		F0E6146B9CD4250AF3BCA26C /* Pods_PianoCollectionUITests.framework in Frameworks */ = {isa = PBXBuildFile; fileRef = 8B43DD5F89DF1CBCE399F55C /* Pods_PianoCollectionUITests.framework */; };
/* End PBXBuildFile section */

/* Begin PBXContainerItemProxy section */
		C08C56AB1E4F55B7000A539C /* PBXContainerItemProxy */ = {
			isa = PBXContainerItemProxy;
			containerPortal = C08C568C1E4F55B7000A539C /* Project object */;
			proxyType = 1;
			remoteGlobalIDString = C08C56931E4F55B7000A539C;
			remoteInfo = PianoCollection;
		};
		C08C56B61E4F55B7000A539C /* PBXContainerItemProxy */ = {
			isa = PBXContainerItemProxy;
			containerPortal = C08C568C1E4F55B7000A539C /* Project object */;
			proxyType = 1;
			remoteGlobalIDString = C08C56931E4F55B7000A539C;
			remoteInfo = PianoCollection;
		};
/* End PBXContainerItemProxy section */

/* Begin PBXFileReference section */
		0805052C1E8CE63500CB4EF9 /* PianoDetailTableViewController.swift */ = {isa = PBXFileReference; fileEncoding = 4; lastKnownFileType = sourcecode.swift; path = PianoDetailTableViewController.swift; sourceTree = "<group>"; };
		0805052E1E8CF8A400CB4EF9 /* piano_detail.plist */ = {isa = PBXFileReference; fileEncoding = 4; lastKnownFileType = text.plist.xml; path = piano_detail.plist; sourceTree = "<group>"; };
		080505311E8D06DE00CB4EF9 /* PianoDetailTableViewCell.swift */ = {isa = PBXFileReference; fileEncoding = 4; lastKnownFileType = sourcecode.swift; path = PianoDetailTableViewCell.swift; sourceTree = "<group>"; };
		081FC2CB1E7240CC0086882B /* PianoDataModel.swift */ = {isa = PBXFileReference; fileEncoding = 4; lastKnownFileType = sourcecode.swift; path = PianoDataModel.swift; sourceTree = "<group>"; };
		082E7EAC1E6FE77500C45EAC /* AYNavigationViewController.swift */ = {isa = PBXFileReference; fileEncoding = 4; lastKnownFileType = sourcecode.swift; path = AYNavigationViewController.swift; sourceTree = "<group>"; };
		08EE18871E768199008189FB /* UIViewExtension.swift */ = {isa = PBXFileReference; fileEncoding = 4; lastKnownFileType = sourcecode.swift; path = UIViewExtension.swift; sourceTree = "<group>"; };
		43D0188116BD79DC022A16FF /* Pods-PianoCollection.debug.xcconfig */ = {isa = PBXFileReference; includeInIndex = 1; lastKnownFileType = text.xcconfig; name = "Pods-PianoCollection.debug.xcconfig"; path = "Pods/Target Support Files/Pods-PianoCollection/Pods-PianoCollection.debug.xcconfig"; sourceTree = "<group>"; };
		5635E77EC09702B0B4C7272A /* Pods-PianoCollectionUITests.debug.xcconfig */ = {isa = PBXFileReference; includeInIndex = 1; lastKnownFileType = text.xcconfig; name = "Pods-PianoCollectionUITests.debug.xcconfig"; path = "Pods/Target Support Files/Pods-PianoCollectionUITests/Pods-PianoCollectionUITests.debug.xcconfig"; sourceTree = "<group>"; };
		6C40512D150BAF1C3AD2B217 /* Pods-PianoCollection.release.xcconfig */ = {isa = PBXFileReference; includeInIndex = 1; lastKnownFileType = text.xcconfig; name = "Pods-PianoCollection.release.xcconfig"; path = "Pods/Target Support Files/Pods-PianoCollection/Pods-PianoCollection.release.xcconfig"; sourceTree = "<group>"; };
		782F118D8707D52BA55B41FE /* Pods-PianoCollectionUITests.release.xcconfig */ = {isa = PBXFileReference; includeInIndex = 1; lastKnownFileType = text.xcconfig; name = "Pods-PianoCollectionUITests.release.xcconfig"; path = "Pods/Target Support Files/Pods-PianoCollectionUITests/Pods-PianoCollectionUITests.release.xcconfig"; sourceTree = "<group>"; };
		7F316EB41545CCB872703017 /* Pods_PianoCollectionTests.framework */ = {isa = PBXFileReference; explicitFileType = wrapper.framework; includeInIndex = 0; path = Pods_PianoCollectionTests.framework; sourceTree = BUILT_PRODUCTS_DIR; };
		8740A8B0AD27E66C08CF0F3A /* Pods-PianoCollectionTests.debug.xcconfig */ = {isa = PBXFileReference; includeInIndex = 1; lastKnownFileType = text.xcconfig; name = "Pods-PianoCollectionTests.debug.xcconfig"; path = "Pods/Target Support Files/Pods-PianoCollectionTests/Pods-PianoCollectionTests.debug.xcconfig"; sourceTree = "<group>"; };
		8B43DD5F89DF1CBCE399F55C /* Pods_PianoCollectionUITests.framework */ = {isa = PBXFileReference; explicitFileType = wrapper.framework; includeInIndex = 0; path = Pods_PianoCollectionUITests.framework; sourceTree = BUILT_PRODUCTS_DIR; };
		A8BE678C36BA07CD5FECCA72 /* Pods-PianoCollectionTests.release.xcconfig */ = {isa = PBXFileReference; includeInIndex = 1; lastKnownFileType = text.xcconfig; name = "Pods-PianoCollectionTests.release.xcconfig"; path = "Pods/Target Support Files/Pods-PianoCollectionTests/Pods-PianoCollectionTests.release.xcconfig"; sourceTree = "<group>"; };
		BD77B454EF09EC2D3ED3774B /* Pods_PianoCollection.framework */ = {isa = PBXFileReference; explicitFileType = wrapper.framework; includeInIndex = 0; path = Pods_PianoCollection.framework; sourceTree = BUILT_PRODUCTS_DIR; };
		C08C56941E4F55B7000A539C /* PianoCollection.app */ = {isa = PBXFileReference; explicitFileType = wrapper.application; includeInIndex = 0; path = PianoCollection.app; sourceTree = BUILT_PRODUCTS_DIR; };
		C08C56971E4F55B7000A539C /* AppDelegate.swift */ = {isa = PBXFileReference; lastKnownFileType = sourcecode.swift; path = AppDelegate.swift; sourceTree = "<group>"; };
		C08C56991E4F55B7000A539C /* FirstViewController.swift */ = {isa = PBXFileReference; lastKnownFileType = sourcecode.swift; path = FirstViewController.swift; sourceTree = "<group>"; };
		C08C569B1E4F55B7000A539C /* SecondViewController.swift */ = {isa = PBXFileReference; lastKnownFileType = sourcecode.swift; path = SecondViewController.swift; sourceTree = "<group>"; };
		C08C569E1E4F55B7000A539C /* Base */ = {isa = PBXFileReference; lastKnownFileType = file.storyboard; name = Base; path = Base.lproj/Main.storyboard; sourceTree = "<group>"; };
		C08C56A01E4F55B7000A539C /* Assets.xcassets */ = {isa = PBXFileReference; lastKnownFileType = folder.assetcatalog; path = Assets.xcassets; sourceTree = "<group>"; };
		C08C56A31E4F55B7000A539C /* Base */ = {isa = PBXFileReference; lastKnownFileType = file.storyboard; name = Base; path = Base.lproj/LaunchScreen.storyboard; sourceTree = "<group>"; };
		C08C56A51E4F55B7000A539C /* Info.plist */ = {isa = PBXFileReference; lastKnownFileType = text.plist.xml; path = Info.plist; sourceTree = "<group>"; };
		C08C56AA1E4F55B7000A539C /* PianoCollectionTests.xctest */ = {isa = PBXFileReference; explicitFileType = wrapper.cfbundle; includeInIndex = 0; path = PianoCollectionTests.xctest; sourceTree = BUILT_PRODUCTS_DIR; };
		C08C56AE1E4F55B7000A539C /* PianoCollectionTests.swift */ = {isa = PBXFileReference; lastKnownFileType = sourcecode.swift; path = PianoCollectionTests.swift; sourceTree = "<group>"; };
		C08C56B01E4F55B7000A539C /* Info.plist */ = {isa = PBXFileReference; lastKnownFileType = text.plist.xml; path = Info.plist; sourceTree = "<group>"; };
		C08C56B51E4F55B7000A539C /* PianoCollectionUITests.xctest */ = {isa = PBXFileReference; explicitFileType = wrapper.cfbundle; includeInIndex = 0; path = PianoCollectionUITests.xctest; sourceTree = BUILT_PRODUCTS_DIR; };
		C08C56B91E4F55B7000A539C /* PianoCollectionUITests.swift */ = {isa = PBXFileReference; lastKnownFileType = sourcecode.swift; path = PianoCollectionUITests.swift; sourceTree = "<group>"; };
		C08C56BB1E4F55B7000A539C /* Info.plist */ = {isa = PBXFileReference; lastKnownFileType = text.plist.xml; path = Info.plist; sourceTree = "<group>"; };
		C08C56C71E4F56EF000A539C /* Default-568h@2x.png */ = {isa = PBXFileReference; lastKnownFileType = image.png; path = "Default-568h@2x.png"; sourceTree = "<group>"; };
		C08C56CB1E4F58B5000A539C /* Internet Widgits Pty Ltd.cer */ = {isa = PBXFileReference; lastKnownFileType = file; path = "Internet Widgits Pty Ltd.cer"; sourceTree = "<group>"; };
		C08C56CD1E4F58C4000A539C /* AlexPianoDataBase.sqlite */ = {isa = PBXFileReference; lastKnownFileType = file; path = AlexPianoDataBase.sqlite; sourceTree = "<group>"; };
		C08C56CF1E4F5EB8000A539C /* MyPlayground.playground */ = {isa = PBXFileReference; lastKnownFileType = file.playground; path = MyPlayground.playground; sourceTree = "<group>"; };
		C0C5A4691E54ACB0007062B1 /* PianoCollection-Bridging-Header.h */ = {isa = PBXFileReference; lastKnownFileType = sourcecode.c.h; path = "PianoCollection-Bridging-Header.h"; sourceTree = "<group>"; };
		C0C5A46A1E54ACB0007062B1 /* PianoCollectionTests-Bridging-Header.h */ = {isa = PBXFileReference; lastKnownFileType = sourcecode.c.h; path = "PianoCollectionTests-Bridging-Header.h"; sourceTree = "<group>"; };
		C0C5A46B1E54ACB0007062B1 /* FMDatabase.h */ = {isa = PBXFileReference; fileEncoding = 4; lastKnownFileType = sourcecode.c.h; path = FMDatabase.h; sourceTree = "<group>"; };
		C0C5A46C1E54ACB0007062B1 /* FMDatabase.m */ = {isa = PBXFileReference; fileEncoding = 4; lastKnownFileType = sourcecode.c.objc; path = FMDatabase.m; sourceTree = "<group>"; };
		C0C5A46D1E54ACB0007062B1 /* FMDatabaseAdditions.h */ = {isa = PBXFileReference; fileEncoding = 4; lastKnownFileType = sourcecode.c.h; path = FMDatabaseAdditions.h; sourceTree = "<group>"; };
		C0C5A46E1E54ACB0007062B1 /* FMDatabaseAdditions.m */ = {isa = PBXFileReference; fileEncoding = 4; lastKnownFileType = sourcecode.c.objc; path = FMDatabaseAdditions.m; sourceTree = "<group>"; };
		C0C5A46F1E54ACB0007062B1 /* FMDatabasePool.h */ = {isa = PBXFileReference; fileEncoding = 4; lastKnownFileType = sourcecode.c.h; path = FMDatabasePool.h; sourceTree = "<group>"; };
		C0C5A4701E54ACB0007062B1 /* FMDatabasePool.m */ = {isa = PBXFileReference; fileEncoding = 4; lastKnownFileType = sourcecode.c.objc; path = FMDatabasePool.m; sourceTree = "<group>"; };
		C0C5A4711E54ACB0007062B1 /* FMDatabaseQueue.h */ = {isa = PBXFileReference; fileEncoding = 4; lastKnownFileType = sourcecode.c.h; path = FMDatabaseQueue.h; sourceTree = "<group>"; };
		C0C5A4721E54ACB0007062B1 /* FMDatabaseQueue.m */ = {isa = PBXFileReference; fileEncoding = 4; lastKnownFileType = sourcecode.c.objc; path = FMDatabaseQueue.m; sourceTree = "<group>"; };
		C0C5A4731E54ACB0007062B1 /* FMDB.h */ = {isa = PBXFileReference; fileEncoding = 4; lastKnownFileType = sourcecode.c.h; path = FMDB.h; sourceTree = "<group>"; };
		C0C5A4741E54ACB0007062B1 /* FMResultSet.h */ = {isa = PBXFileReference; fileEncoding = 4; lastKnownFileType = sourcecode.c.h; path = FMResultSet.h; sourceTree = "<group>"; };
		C0C5A4751E54ACB0007062B1 /* FMResultSet.m */ = {isa = PBXFileReference; fileEncoding = 4; lastKnownFileType = sourcecode.c.objc; path = FMResultSet.m; sourceTree = "<group>"; };
		C0C5A4831E54B35E007062B1 /* libsqlite3.tbd */ = {isa = PBXFileReference; lastKnownFileType = "sourcecode.text-based-dylib-definition"; name = libsqlite3.tbd; path = usr/lib/libsqlite3.tbd; sourceTree = SDKROOT; };
/* End PBXFileReference section */

/* Begin PBXFrameworksBuildPhase section */
		C08C56911E4F55B7000A539C /* Frameworks */ = {
			isa = PBXFrameworksBuildPhase;
			buildActionMask = 2147483647;
			files = (
				C0C5A4841E54B35E007062B1 /* libsqlite3.tbd in Frameworks */,
				0C29AC090464B032A4ED3389 /* Pods_PianoCollection.framework in Frameworks */,
			);
			runOnlyForDeploymentPostprocessing = 0;
		};
		C08C56A71E4F55B7000A539C /* Frameworks */ = {
			isa = PBXFrameworksBuildPhase;
			buildActionMask = 2147483647;
			files = (
				88B09E7D75D835C318DE8FBC /* Pods_PianoCollectionTests.framework in Frameworks */,
			);
			runOnlyForDeploymentPostprocessing = 0;
		};
		C08C56B21E4F55B7000A539C /* Frameworks */ = {
			isa = PBXFrameworksBuildPhase;
			buildActionMask = 2147483647;
			files = (
				F0E6146B9CD4250AF3BCA26C /* Pods_PianoCollectionUITests.framework in Frameworks */,
			);
			runOnlyForDeploymentPostprocessing = 0;
		};
/* End PBXFrameworksBuildPhase section */

/* Begin PBXGroup section */
		080505301E8D06AD00CB4EF9 /* View */ = {
			isa = PBXGroup;
			children = (
				080505311E8D06DE00CB4EF9 /* PianoDetailTableViewCell.swift */,
			);
			name = View;
			sourceTree = "<group>";
		};
		08EE18861E768173008189FB /* extension */ = {
			isa = PBXGroup;
			children = (
				08EE18871E768199008189FB /* UIViewExtension.swift */,
			);
			path = extension;
			sourceTree = "<group>";
		};
		6AA9EFE5D769615E83EB8F87 /* Frameworks */ = {
			isa = PBXGroup;
			children = (
				C0C5A4831E54B35E007062B1 /* libsqlite3.tbd */,
				BD77B454EF09EC2D3ED3774B /* Pods_PianoCollection.framework */,
				7F316EB41545CCB872703017 /* Pods_PianoCollectionTests.framework */,
				8B43DD5F89DF1CBCE399F55C /* Pods_PianoCollectionUITests.framework */,
			);
			name = Frameworks;
			sourceTree = "<group>";
		};
		C08C568B1E4F55B7000A539C = {
			isa = PBXGroup;
			children = (
				C08C56961E4F55B7000A539C /* PianoCollection */,
				C08C56AD1E4F55B7000A539C /* PianoCollectionTests */,
				C08C56B81E4F55B7000A539C /* PianoCollectionUITests */,
				C08C56951E4F55B7000A539C /* Products */,
				6AA9EFE5D769615E83EB8F87 /* Frameworks */,
				E59973B62C8890A6984006B4 /* Pods */,
			);
			sourceTree = "<group>";
		};
		C08C56951E4F55B7000A539C /* Products */ = {
			isa = PBXGroup;
			children = (
				C08C56941E4F55B7000A539C /* PianoCollection.app */,
				C08C56AA1E4F55B7000A539C /* PianoCollectionTests.xctest */,
				C08C56B51E4F55B7000A539C /* PianoCollectionUITests.xctest */,
			);
			name = Products;
			sourceTree = "<group>";
		};
		C08C56961E4F55B7000A539C /* PianoCollection */ = {
			isa = PBXGroup;
			children = (
				080505301E8D06AD00CB4EF9 /* View */,
				08EE18861E768173008189FB /* extension */,
				C0C5A4531E54AC29007062B1 /* FMDB */,
				C08C56971E4F55B7000A539C /* AppDelegate.swift */,
				082E7EAC1E6FE77500C45EAC /* AYNavigationViewController.swift */,
				C08C56991E4F55B7000A539C /* FirstViewController.swift */,
				0805052C1E8CE63500CB4EF9 /* PianoDetailTableViewController.swift */,
				C08C569B1E4F55B7000A539C /* SecondViewController.swift */,
				081FC2CB1E7240CC0086882B /* PianoDataModel.swift */,
				C08C569D1E4F55B7000A539C /* Main.storyboard */,
				C08C56A01E4F55B7000A539C /* Assets.xcassets */,
				C08C56A21E4F55B7000A539C /* LaunchScreen.storyboard */,
				C08C56A51E4F55B7000A539C /* Info.plist */,
				C08C56CB1E4F58B5000A539C /* Internet Widgits Pty Ltd.cer */,
				0805052E1E8CF8A400CB4EF9 /* piano_detail.plist */,
				C08C56CD1E4F58C4000A539C /* AlexPianoDataBase.sqlite */,
				C08C56C71E4F56EF000A539C /* Default-568h@2x.png */,
				C08C56CF1E4F5EB8000A539C /* MyPlayground.playground */,
			);
			path = PianoCollection;
			sourceTree = "<group>";
		};
		C08C56AD1E4F55B7000A539C /* PianoCollectionTests */ = {
			isa = PBXGroup;
			children = (
				C08C56AE1E4F55B7000A539C /* PianoCollectionTests.swift */,
				C08C56B01E4F55B7000A539C /* Info.plist */,
			);
			path = PianoCollectionTests;
			sourceTree = "<group>";
		};
		C08C56B81E4F55B7000A539C /* PianoCollectionUITests */ = {
			isa = PBXGroup;
			children = (
				C08C56B91E4F55B7000A539C /* PianoCollectionUITests.swift */,
				C08C56BB1E4F55B7000A539C /* Info.plist */,
			);
			path = PianoCollectionUITests;
			sourceTree = "<group>";
		};
		C0C5A4531E54AC29007062B1 /* FMDB */ = {
			isa = PBXGroup;
			children = (
				C0C5A46B1E54ACB0007062B1 /* FMDatabase.h */,
				C0C5A46C1E54ACB0007062B1 /* FMDatabase.m */,
				C0C5A46D1E54ACB0007062B1 /* FMDatabaseAdditions.h */,
				C0C5A46E1E54ACB0007062B1 /* FMDatabaseAdditions.m */,
				C0C5A46F1E54ACB0007062B1 /* FMDatabasePool.h */,
				C0C5A4701E54ACB0007062B1 /* FMDatabasePool.m */,
				C0C5A4711E54ACB0007062B1 /* FMDatabaseQueue.h */,
				C0C5A4721E54ACB0007062B1 /* FMDatabaseQueue.m */,
				C0C5A4731E54ACB0007062B1 /* FMDB.h */,
				C0C5A4741E54ACB0007062B1 /* FMResultSet.h */,
				C0C5A4751E54ACB0007062B1 /* FMResultSet.m */,
				C0C5A4691E54ACB0007062B1 /* PianoCollection-Bridging-Header.h */,
				C0C5A46A1E54ACB0007062B1 /* PianoCollectionTests-Bridging-Header.h */,
			);
			path = FMDB;
			sourceTree = "<group>";
		};
		E59973B62C8890A6984006B4 /* Pods */ = {
			isa = PBXGroup;
			children = (
				43D0188116BD79DC022A16FF /* Pods-PianoCollection.debug.xcconfig */,
				6C40512D150BAF1C3AD2B217 /* Pods-PianoCollection.release.xcconfig */,
				8740A8B0AD27E66C08CF0F3A /* Pods-PianoCollectionTests.debug.xcconfig */,
				A8BE678C36BA07CD5FECCA72 /* Pods-PianoCollectionTests.release.xcconfig */,
				5635E77EC09702B0B4C7272A /* Pods-PianoCollectionUITests.debug.xcconfig */,
				782F118D8707D52BA55B41FE /* Pods-PianoCollectionUITests.release.xcconfig */,
			);
			name = Pods;
			sourceTree = "<group>";
		};
/* End PBXGroup section */

/* Begin PBXNativeTarget section */
		C08C56931E4F55B7000A539C /* PianoCollection */ = {
			isa = PBXNativeTarget;
			buildConfigurationList = C08C56BE1E4F55B7000A539C /* Build configuration list for PBXNativeTarget "PianoCollection" */;
			buildPhases = (
				0AFBBA12774CE0B14947356A /* [CP] Check Pods Manifest.lock */,
				C08C56901E4F55B7000A539C /* Sources */,
				C08C56911E4F55B7000A539C /* Frameworks */,
				C08C56921E4F55B7000A539C /* Resources */,
				C1D1612E381451972E09183B /* [CP] Embed Pods Frameworks */,
				035649117765E899A662B306 /* [CP] Copy Pods Resources */,
			);
			buildRules = (
			);
			dependencies = (
			);
			name = PianoCollection;
			productName = PianoCollection;
			productReference = C08C56941E4F55B7000A539C /* PianoCollection.app */;
			productType = "com.apple.product-type.application";
		};
		C08C56A91E4F55B7000A539C /* PianoCollectionTests */ = {
			isa = PBXNativeTarget;
			buildConfigurationList = C08C56C11E4F55B7000A539C /* Build configuration list for PBXNativeTarget "PianoCollectionTests" */;
			buildPhases = (
				5E5BCFEBE26E5E23A487DA23 /* [CP] Check Pods Manifest.lock */,
				C08C56A61E4F55B7000A539C /* Sources */,
				C08C56A71E4F55B7000A539C /* Frameworks */,
				C08C56A81E4F55B7000A539C /* Resources */,
				D5DB13BCD713B339E116CD97 /* [CP] Embed Pods Frameworks */,
				F105D6D4860382CE65A4C3A6 /* [CP] Copy Pods Resources */,
			);
			buildRules = (
			);
			dependencies = (
				C08C56AC1E4F55B7000A539C /* PBXTargetDependency */,
			);
			name = PianoCollectionTests;
			productName = PianoCollectionTests;
			productReference = C08C56AA1E4F55B7000A539C /* PianoCollectionTests.xctest */;
			productType = "com.apple.product-type.bundle.unit-test";
		};
		C08C56B41E4F55B7000A539C /* PianoCollectionUITests */ = {
			isa = PBXNativeTarget;
			buildConfigurationList = C08C56C41E4F55B7000A539C /* Build configuration list for PBXNativeTarget "PianoCollectionUITests" */;
			buildPhases = (
				70376F342AE7CFFCBB4ECC36 /* [CP] Check Pods Manifest.lock */,
				C08C56B11E4F55B7000A539C /* Sources */,
				C08C56B21E4F55B7000A539C /* Frameworks */,
				C08C56B31E4F55B7000A539C /* Resources */,
				02D1C9F4EA455FC006DA23B2 /* [CP] Embed Pods Frameworks */,
				1E11E69ED81C62AD8FBD8B67 /* [CP] Copy Pods Resources */,
			);
			buildRules = (
			);
			dependencies = (
				C08C56B71E4F55B7000A539C /* PBXTargetDependency */,
			);
			name = PianoCollectionUITests;
			productName = PianoCollectionUITests;
			productReference = C08C56B51E4F55B7000A539C /* PianoCollectionUITests.xctest */;
			productType = "com.apple.product-type.bundle.ui-testing";
		};
/* End PBXNativeTarget section */

/* Begin PBXProject section */
		C08C568C1E4F55B7000A539C /* Project object */ = {
			isa = PBXProject;
			attributes = {
				LastSwiftUpdateCheck = 0820;
				LastUpgradeCheck = 0820;
				ORGANIZATIONNAME = " BlueYang";
				TargetAttributes = {
					C08C56931E4F55B7000A539C = {
						CreatedOnToolsVersion = 8.2.1;
						DevelopmentTeam = X77M95VSB8;
						LastSwiftMigration = 0820;
						ProvisioningStyle = Automatic;
					};
					C08C56A91E4F55B7000A539C = {
						CreatedOnToolsVersion = 8.2.1;
						DevelopmentTeam = X77M95VSB8;
						LastSwiftMigration = 0820;
						ProvisioningStyle = Automatic;
						TestTargetID = C08C56931E4F55B7000A539C;
					};
					C08C56B41E4F55B7000A539C = {
						CreatedOnToolsVersion = 8.2.1;
						DevelopmentTeam = X77M95VSB8;
						ProvisioningStyle = Automatic;
						TestTargetID = C08C56931E4F55B7000A539C;
					};
				};
			};
			buildConfigurationList = C08C568F1E4F55B7000A539C /* Build configuration list for PBXProject "PianoCollection" */;
			compatibilityVersion = "Xcode 3.2";
			developmentRegion = English;
			hasScannedForEncodings = 0;
			knownRegions = (
				en,
				Base,
			);
			mainGroup = C08C568B1E4F55B7000A539C;
			productRefGroup = C08C56951E4F55B7000A539C /* Products */;
			projectDirPath = "";
			projectRoot = "";
			targets = (
				C08C56931E4F55B7000A539C /* PianoCollection */,
				C08C56A91E4F55B7000A539C /* PianoCollectionTests */,
				C08C56B41E4F55B7000A539C /* PianoCollectionUITests */,
			);
		};
/* End PBXProject section */

/* Begin PBXResourcesBuildPhase section */
		C08C56921E4F55B7000A539C /* Resources */ = {
			isa = PBXResourcesBuildPhase;
			buildActionMask = 2147483647;
			files = (
				C08C56A41E4F55B7000A539C /* LaunchScreen.storyboard in Resources */,
				C08C56C81E4F56EF000A539C /* Default-568h@2x.png in Resources */,
				C08C56A11E4F55B7000A539C /* Assets.xcassets in Resources */,
				C08C56CC1E4F58B5000A539C /* Internet Widgits Pty Ltd.cer in Resources */,
				C08C56CE1E4F58C4000A539C /* AlexPianoDataBase.sqlite in Resources */,
				0805052F1E8CF8A400CB4EF9 /* piano_detail.plist in Resources */,
				C08C569F1E4F55B7000A539C /* Main.storyboard in Resources */,
			);
			runOnlyForDeploymentPostprocessing = 0;
		};
		C08C56A81E4F55B7000A539C /* Resources */ = {
			isa = PBXResourcesBuildPhase;
			buildActionMask = 2147483647;
			files = (
			);
			runOnlyForDeploymentPostprocessing = 0;
		};
		C08C56B31E4F55B7000A539C /* Resources */ = {
			isa = PBXResourcesBuildPhase;
			buildActionMask = 2147483647;
			files = (
			);
			runOnlyForDeploymentPostprocessing = 0;
		};
/* End PBXResourcesBuildPhase section */

/* Begin PBXShellScriptBuildPhase section */
		02D1C9F4EA455FC006DA23B2 /* [CP] Embed Pods Frameworks */ = {
			isa = PBXShellScriptBuildPhase;
			buildActionMask = 2147483647;
			files = (
			);
			inputPaths = (
			);
			name = "[CP] Embed Pods Frameworks";
			outputPaths = (
			);
			runOnlyForDeploymentPostprocessing = 0;
			shellPath = /bin/sh;
			shellScript = "\"${SRCROOT}/Pods/Target Support Files/Pods-PianoCollectionUITests/Pods-PianoCollectionUITests-frameworks.sh\"\n";
			showEnvVarsInLog = 0;
		};
		035649117765E899A662B306 /* [CP] Copy Pods Resources */ = {
			isa = PBXShellScriptBuildPhase;
			buildActionMask = 2147483647;
			files = (
			);
			inputPaths = (
			);
			name = "[CP] Copy Pods Resources";
			outputPaths = (
			);
			runOnlyForDeploymentPostprocessing = 0;
			shellPath = /bin/sh;
			shellScript = "\"${SRCROOT}/Pods/Target Support Files/Pods-PianoCollection/Pods-PianoCollection-resources.sh\"\n";
			showEnvVarsInLog = 0;
		};
		0AFBBA12774CE0B14947356A /* [CP] Check Pods Manifest.lock */ = {
			isa = PBXShellScriptBuildPhase;
			buildActionMask = 2147483647;
			files = (
			);
			inputPaths = (
			);
			name = "[CP] Check Pods Manifest.lock";
			outputPaths = (
			);
			runOnlyForDeploymentPostprocessing = 0;
			shellPath = /bin/sh;
			shellScript = "diff \"${PODS_ROOT}/../Podfile.lock\" \"${PODS_ROOT}/Manifest.lock\" > /dev/null\nif [ $? != 0 ] ; then\n    # print error to STDERR\n    echo \"error: The sandbox is not in sync with the Podfile.lock. Run 'pod install' or update your CocoaPods installation.\" >&2\n    exit 1\nfi\n";
			showEnvVarsInLog = 0;
		};
		1E11E69ED81C62AD8FBD8B67 /* [CP] Copy Pods Resources */ = {
			isa = PBXShellScriptBuildPhase;
			buildActionMask = 2147483647;
			files = (
			);
			inputPaths = (
			);
			name = "[CP] Copy Pods Resources";
			outputPaths = (
			);
			runOnlyForDeploymentPostprocessing = 0;
			shellPath = /bin/sh;
			shellScript = "\"${SRCROOT}/Pods/Target Support Files/Pods-PianoCollectionUITests/Pods-PianoCollectionUITests-resources.sh\"\n";
			showEnvVarsInLog = 0;
		};
		5E5BCFEBE26E5E23A487DA23 /* [CP] Check Pods Manifest.lock */ = {
			isa = PBXShellScriptBuildPhase;
			buildActionMask = 2147483647;
			files = (
			);
			inputPaths = (
			);
			name = "[CP] Check Pods Manifest.lock";
			outputPaths = (
			);
			runOnlyForDeploymentPostprocessing = 0;
			shellPath = /bin/sh;
			shellScript = "diff \"${PODS_ROOT}/../Podfile.lock\" \"${PODS_ROOT}/Manifest.lock\" > /dev/null\nif [ $? != 0 ] ; then\n    # print error to STDERR\n    echo \"error: The sandbox is not in sync with the Podfile.lock. Run 'pod install' or update your CocoaPods installation.\" >&2\n    exit 1\nfi\n";
			showEnvVarsInLog = 0;
		};
		70376F342AE7CFFCBB4ECC36 /* [CP] Check Pods Manifest.lock */ = {
			isa = PBXShellScriptBuildPhase;
			buildActionMask = 2147483647;
			files = (
			);
			inputPaths = (
			);
			name = "[CP] Check Pods Manifest.lock";
			outputPaths = (
			);
			runOnlyForDeploymentPostprocessing = 0;
			shellPath = /bin/sh;
			shellScript = "diff \"${PODS_ROOT}/../Podfile.lock\" \"${PODS_ROOT}/Manifest.lock\" > /dev/null\nif [ $? != 0 ] ; then\n    # print error to STDERR\n    echo \"error: The sandbox is not in sync with the Podfile.lock. Run 'pod install' or update your CocoaPods installation.\" >&2\n    exit 1\nfi\n";
			showEnvVarsInLog = 0;
		};
		C1D1612E381451972E09183B /* [CP] Embed Pods Frameworks */ = {
			isa = PBXShellScriptBuildPhase;
			buildActionMask = 2147483647;
			files = (
			);
			inputPaths = (
			);
			name = "[CP] Embed Pods Frameworks";
			outputPaths = (
			);
			runOnlyForDeploymentPostprocessing = 0;
			shellPath = /bin/sh;
			shellScript = "\"${SRCROOT}/Pods/Target Support Files/Pods-PianoCollection/Pods-PianoCollection-frameworks.sh\"\n";
			showEnvVarsInLog = 0;
		};
		D5DB13BCD713B339E116CD97 /* [CP] Embed Pods Frameworks */ = {
			isa = PBXShellScriptBuildPhase;
			buildActionMask = 2147483647;
			files = (
			);
			inputPaths = (
			);
			name = "[CP] Embed Pods Frameworks";
			outputPaths = (
			);
			runOnlyForDeploymentPostprocessing = 0;
			shellPath = /bin/sh;
			shellScript = "\"${SRCROOT}/Pods/Target Support Files/Pods-PianoCollectionTests/Pods-PianoCollectionTests-frameworks.sh\"\n";
			showEnvVarsInLog = 0;
		};
		F105D6D4860382CE65A4C3A6 /* [CP] Copy Pods Resources */ = {
			isa = PBXShellScriptBuildPhase;
			buildActionMask = 2147483647;
			files = (
			);
			inputPaths = (
			);
			name = "[CP] Copy Pods Resources";
			outputPaths = (
			);
			runOnlyForDeploymentPostprocessing = 0;
			shellPath = /bin/sh;
			shellScript = "\"${SRCROOT}/Pods/Target Support Files/Pods-PianoCollectionTests/Pods-PianoCollectionTests-resources.sh\"\n";
			showEnvVarsInLog = 0;
		};
/* End PBXShellScriptBuildPhase section */

/* Begin PBXSourcesBuildPhase section */
		C08C56901E4F55B7000A539C /* Sources */ = {
			isa = PBXSourcesBuildPhase;
			buildActionMask = 2147483647;
			files = (
				082E7EAD1E6FE77500C45EAC /* AYNavigationViewController.swift in Sources */,
				C08C569C1E4F55B7000A539C /* SecondViewController.swift in Sources */,
				08EE18881E768199008189FB /* UIViewExtension.swift in Sources */,
				C0C5A47A1E54ACB0007062B1 /* FMDatabasePool.m in Sources */,
				0805052D1E8CE63500CB4EF9 /* PianoDetailTableViewController.swift in Sources */,
				C08C56981E4F55B7000A539C /* AppDelegate.swift in Sources */,
				C0C5A47C1E54ACB0007062B1 /* FMDatabaseQueue.m in Sources */,
				080505321E8D06DE00CB4EF9 /* PianoDetailTableViewCell.swift in Sources */,
				C08C569A1E4F55B7000A539C /* FirstViewController.swift in Sources */,
				C0C5A4761E54ACB0007062B1 /* FMDatabase.m in Sources */,
				081FC2CC1E7240CC0086882B /* PianoDataModel.swift in Sources */,
				C0C5A47E1E54ACB0007062B1 /* FMResultSet.m in Sources */,
				C0C5A4781E54ACB0007062B1 /* FMDatabaseAdditions.m in Sources */,
			);
			runOnlyForDeploymentPostprocessing = 0;
		};
		C08C56A61E4F55B7000A539C /* Sources */ = {
			isa = PBXSourcesBuildPhase;
			buildActionMask = 2147483647;
			files = (
				C0C5A47F1E54ACB0007062B1 /* FMResultSet.m in Sources */,
				C0C5A47D1E54ACB0007062B1 /* FMDatabaseQueue.m in Sources */,
				C08C56AF1E4F55B7000A539C /* PianoCollectionTests.swift in Sources */,
				C0C5A47B1E54ACB0007062B1 /* FMDatabasePool.m in Sources */,
				081FC2CD1E7240CC0086882B /* PianoDataModel.swift in Sources */,
				C0C5A4771E54ACB0007062B1 /* FMDatabase.m in Sources */,
				08EE18891E768199008189FB /* UIViewExtension.swift in Sources */,
				C0C5A4791E54ACB0007062B1 /* FMDatabaseAdditions.m in Sources */,
			);
			runOnlyForDeploymentPostprocessing = 0;
		};
		C08C56B11E4F55B7000A539C /* Sources */ = {
			isa = PBXSourcesBuildPhase;
			buildActionMask = 2147483647;
			files = (
				C08C56BA1E4F55B7000A539C /* PianoCollectionUITests.swift in Sources */,
			);
			runOnlyForDeploymentPostprocessing = 0;
		};
/* End PBXSourcesBuildPhase section */

/* Begin PBXTargetDependency section */
		C08C56AC1E4F55B7000A539C /* PBXTargetDependency */ = {
			isa = PBXTargetDependency;
			target = C08C56931E4F55B7000A539C /* PianoCollection */;
			targetProxy = C08C56AB1E4F55B7000A539C /* PBXContainerItemProxy */;
		};
		C08C56B71E4F55B7000A539C /* PBXTargetDependency */ = {
			isa = PBXTargetDependency;
			target = C08C56931E4F55B7000A539C /* PianoCollection */;
			targetProxy = C08C56B61E4F55B7000A539C /* PBXContainerItemProxy */;
		};
/* End PBXTargetDependency section */

/* Begin PBXVariantGroup section */
		C08C569D1E4F55B7000A539C /* Main.storyboard */ = {
			isa = PBXVariantGroup;
			children = (
				C08C569E1E4F55B7000A539C /* Base */,
			);
			name = Main.storyboard;
			sourceTree = "<group>";
		};
		C08C56A21E4F55B7000A539C /* LaunchScreen.storyboard */ = {
			isa = PBXVariantGroup;
			children = (
				C08C56A31E4F55B7000A539C /* Base */,
			);
			name = LaunchScreen.storyboard;
			sourceTree = "<group>";
		};
/* End PBXVariantGroup section */

/* Begin XCBuildConfiguration section */
		C08C56BC1E4F55B7000A539C /* Debug */ = {
			isa = XCBuildConfiguration;
			buildSettings = {
				ALWAYS_SEARCH_USER_PATHS = NO;
				CLANG_ANALYZER_NONNULL = YES;
				CLANG_CXX_LANGUAGE_STANDARD = "gnu++0x";
				CLANG_CXX_LIBRARY = "libc++";
				CLANG_ENABLE_MODULES = YES;
				CLANG_ENABLE_OBJC_ARC = YES;
				CLANG_WARN_BOOL_CONVERSION = YES;
				CLANG_WARN_CONSTANT_CONVERSION = YES;
				CLANG_WARN_DIRECT_OBJC_ISA_USAGE = YES_ERROR;
				CLANG_WARN_DOCUMENTATION_COMMENTS = YES;
				CLANG_WARN_EMPTY_BODY = YES;
				CLANG_WARN_ENUM_CONVERSION = YES;
				CLANG_WARN_INFINITE_RECURSION = YES;
				CLANG_WARN_INT_CONVERSION = YES;
				CLANG_WARN_OBJC_ROOT_CLASS = YES_ERROR;
				CLANG_WARN_SUSPICIOUS_MOVE = YES;
				CLANG_WARN_UNREACHABLE_CODE = YES;
				CLANG_WARN__DUPLICATE_METHOD_MATCH = YES;
				"CODE_SIGN_IDENTITY[sdk=iphoneos*]" = "iPhone Developer";
				COPY_PHASE_STRIP = NO;
				DEBUG_INFORMATION_FORMAT = dwarf;
				ENABLE_STRICT_OBJC_MSGSEND = YES;
				ENABLE_TESTABILITY = YES;
				GCC_C_LANGUAGE_STANDARD = gnu99;
				GCC_DYNAMIC_NO_PIC = NO;
				GCC_NO_COMMON_BLOCKS = YES;
				GCC_OPTIMIZATION_LEVEL = 0;
				GCC_PREPROCESSOR_DEFINITIONS = (
					"DEBUG=1",
					"$(inherited)",
				);
				GCC_WARN_64_TO_32_BIT_CONVERSION = YES;
				GCC_WARN_ABOUT_RETURN_TYPE = YES_ERROR;
				GCC_WARN_UNDECLARED_SELECTOR = YES;
				GCC_WARN_UNINITIALIZED_AUTOS = YES_AGGRESSIVE;
				GCC_WARN_UNUSED_FUNCTION = YES;
				GCC_WARN_UNUSED_VARIABLE = YES;
				IPHONEOS_DEPLOYMENT_TARGET = 10.2;
				MTL_ENABLE_DEBUG_INFO = YES;
				ONLY_ACTIVE_ARCH = YES;
				SDKROOT = iphoneos;
				SWIFT_ACTIVE_COMPILATION_CONDITIONS = DEBUG;
				SWIFT_OPTIMIZATION_LEVEL = "-Onone";
			};
			name = Debug;
		};
		C08C56BD1E4F55B7000A539C /* Release */ = {
			isa = XCBuildConfiguration;
			buildSettings = {
				ALWAYS_SEARCH_USER_PATHS = NO;
				CLANG_ANALYZER_NONNULL = YES;
				CLANG_CXX_LANGUAGE_STANDARD = "gnu++0x";
				CLANG_CXX_LIBRARY = "libc++";
				CLANG_ENABLE_MODULES = YES;
				CLANG_ENABLE_OBJC_ARC = YES;
				CLANG_WARN_BOOL_CONVERSION = YES;
				CLANG_WARN_CONSTANT_CONVERSION = YES;
				CLANG_WARN_DIRECT_OBJC_ISA_USAGE = YES_ERROR;
				CLANG_WARN_DOCUMENTATION_COMMENTS = YES;
				CLANG_WARN_EMPTY_BODY = YES;
				CLANG_WARN_ENUM_CONVERSION = YES;
				CLANG_WARN_INFINITE_RECURSION = YES;
				CLANG_WARN_INT_CONVERSION = YES;
				CLANG_WARN_OBJC_ROOT_CLASS = YES_ERROR;
				CLANG_WARN_SUSPICIOUS_MOVE = YES;
				CLANG_WARN_UNREACHABLE_CODE = YES;
				CLANG_WARN__DUPLICATE_METHOD_MATCH = YES;
				"CODE_SIGN_IDENTITY[sdk=iphoneos*]" = "iPhone Developer";
				COPY_PHASE_STRIP = NO;
				DEBUG_INFORMATION_FORMAT = "dwarf-with-dsym";
				ENABLE_NS_ASSERTIONS = NO;
				ENABLE_STRICT_OBJC_MSGSEND = YES;
				GCC_C_LANGUAGE_STANDARD = gnu99;
				GCC_NO_COMMON_BLOCKS = YES;
				GCC_WARN_64_TO_32_BIT_CONVERSION = YES;
				GCC_WARN_ABOUT_RETURN_TYPE = YES_ERROR;
				GCC_WARN_UNDECLARED_SELECTOR = YES;
				GCC_WARN_UNINITIALIZED_AUTOS = YES_AGGRESSIVE;
				GCC_WARN_UNUSED_FUNCTION = YES;
				GCC_WARN_UNUSED_VARIABLE = YES;
				IPHONEOS_DEPLOYMENT_TARGET = 10.2;
				MTL_ENABLE_DEBUG_INFO = NO;
				SDKROOT = iphoneos;
				SWIFT_OPTIMIZATION_LEVEL = "-Owholemodule";
				VALIDATE_PRODUCT = YES;
			};
			name = Release;
		};
		C08C56BF1E4F55B7000A539C /* Debug */ = {
			isa = XCBuildConfiguration;
			baseConfigurationReference = 43D0188116BD79DC022A16FF /* Pods-PianoCollection.debug.xcconfig */;
			buildSettings = {
				ASSETCATALOG_COMPILER_APPICON_NAME = AppIcon;
				CLANG_ENABLE_MODULES = YES;
				DEVELOPMENT_TEAM = X77M95VSB8;
				INFOPLIST_FILE = PianoCollection/Info.plist;
				IPHONEOS_DEPLOYMENT_TARGET = 8.0;
				LD_RUNPATH_SEARCH_PATHS = "$(inherited) @executable_path/Frameworks";
				PRODUCT_BUNDLE_IDENTIFIER = BY.PianoCollection;
				PRODUCT_NAME = "$(TARGET_NAME)";
				SWIFT_OBJC_BRIDGING_HEADER = "PianoCollection/FMDB/PianoCollection-Bridging-Header.h";
				SWIFT_OPTIMIZATION_LEVEL = "-Onone";
				SWIFT_VERSION = 3.0;
			};
			name = Debug;
		};
		C08C56C01E4F55B7000A539C /* Release */ = {
			isa = XCBuildConfiguration;
			baseConfigurationReference = 6C40512D150BAF1C3AD2B217 /* Pods-PianoCollection.release.xcconfig */;
			buildSettings = {
				ASSETCATALOG_COMPILER_APPICON_NAME = AppIcon;
				CLANG_ENABLE_MODULES = YES;
				DEVELOPMENT_TEAM = X77M95VSB8;
				INFOPLIST_FILE = PianoCollection/Info.plist;
				IPHONEOS_DEPLOYMENT_TARGET = 8.0;
				LD_RUNPATH_SEARCH_PATHS = "$(inherited) @executable_path/Frameworks";
				PRODUCT_BUNDLE_IDENTIFIER = BY.PianoCollection;
				PRODUCT_NAME = "$(TARGET_NAME)";
				SWIFT_OBJC_BRIDGING_HEADER = "PianoCollection/FMDB/PianoCollection-Bridging-Header.h";
				SWIFT_VERSION = 3.0;
			};
			name = Release;
		};
		C08C56C21E4F55B7000A539C /* Debug */ = {
			isa = XCBuildConfiguration;
			baseConfigurationReference = 8740A8B0AD27E66C08CF0F3A /* Pods-PianoCollectionTests.debug.xcconfig */;
			buildSettings = {
				ALWAYS_EMBED_SWIFT_STANDARD_LIBRARIES = YES;
				BUNDLE_LOADER = "$(TEST_HOST)";
				CLANG_ENABLE_MODULES = YES;
				DEVELOPMENT_TEAM = X77M95VSB8;
				INFOPLIST_FILE = PianoCollectionTests/Info.plist;
				LD_RUNPATH_SEARCH_PATHS = "$(inherited) @executable_path/Frameworks @loader_path/Frameworks";
				PRODUCT_BUNDLE_IDENTIFIER = BY.PianoCollectionTests;
				PRODUCT_NAME = "$(TARGET_NAME)";
				SWIFT_OBJC_BRIDGING_HEADER = "PianoCollection/FMDB/PianoCollectionTests-Bridging-Header.h";
				SWIFT_OPTIMIZATION_LEVEL = "-Onone";
				SWIFT_VERSION = 3.0;
				TEST_HOST = "$(BUILT_PRODUCTS_DIR)/PianoCollection.app/PianoCollection";
			};
			name = Debug;
		};
		C08C56C31E4F55B7000A539C /* Release */ = {
			isa = XCBuildConfiguration;
			baseConfigurationReference = A8BE678C36BA07CD5FECCA72 /* Pods-PianoCollectionTests.release.xcconfig */;
			buildSettings = {
				ALWAYS_EMBED_SWIFT_STANDARD_LIBRARIES = YES;
				BUNDLE_LOADER = "$(TEST_HOST)";
				CLANG_ENABLE_MODULES = YES;
				DEVELOPMENT_TEAM = X77M95VSB8;
				INFOPLIST_FILE = PianoCollectionTests/Info.plist;
				LD_RUNPATH_SEARCH_PATHS = "$(inherited) @executable_path/Frameworks @loader_path/Frameworks";
				PRODUCT_BUNDLE_IDENTIFIER = BY.PianoCollectionTests;
				PRODUCT_NAME = "$(TARGET_NAME)";
				SWIFT_OBJC_BRIDGING_HEADER = "PianoCollection/FMDB/PianoCollectionTests-Bridging-Header.h";
				SWIFT_VERSION = 3.0;
				TEST_HOST = "$(BUILT_PRODUCTS_DIR)/PianoCollection.app/PianoCollection";
			};
			name = Release;
		};
		C08C56C51E4F55B7000A539C /* Debug */ = {
			isa = XCBuildConfiguration;
			baseConfigurationReference = 5635E77EC09702B0B4C7272A /* Pods-PianoCollectionUITests.debug.xcconfig */;
			buildSettings = {
				ALWAYS_EMBED_SWIFT_STANDARD_LIBRARIES = YES;
				DEVELOPMENT_TEAM = X77M95VSB8;
				INFOPLIST_FILE = PianoCollectionUITests/Info.plist;
				LD_RUNPATH_SEARCH_PATHS = "$(inherited) @executable_path/Frameworks @loader_path/Frameworks";
				PRODUCT_BUNDLE_IDENTIFIER = BY.PianoCollectionUITests;
				PRODUCT_NAME = "$(TARGET_NAME)";
				SWIFT_VERSION = 3.0;
				TEST_TARGET_NAME = PianoCollection;
			};
			name = Debug;
		};
		C08C56C61E4F55B7000A539C /* Release */ = {
			isa = XCBuildConfiguration;
			baseConfigurationReference = 782F118D8707D52BA55B41FE /* Pods-PianoCollectionUITests.release.xcconfig */;
			buildSettings = {
				ALWAYS_EMBED_SWIFT_STANDARD_LIBRARIES = YES;
				DEVELOPMENT_TEAM = X77M95VSB8;
				INFOPLIST_FILE = PianoCollectionUITests/Info.plist;
				LD_RUNPATH_SEARCH_PATHS = "$(inherited) @executable_path/Frameworks @loader_path/Frameworks";
				PRODUCT_BUNDLE_IDENTIFIER = BY.PianoCollectionUITests;
				PRODUCT_NAME = "$(TARGET_NAME)";
				SWIFT_VERSION = 3.0;
				TEST_TARGET_NAME = PianoCollection;
			};
			name = Release;
		};
/* End XCBuildConfiguration section */

/* Begin XCConfigurationList section */
		C08C568F1E4F55B7000A539C /* Build configuration list for PBXProject "PianoCollection" */ = {
			isa = XCConfigurationList;
			buildConfigurations = (
				C08C56BC1E4F55B7000A539C /* Debug */,
				C08C56BD1E4F55B7000A539C /* Release */,
			);
			defaultConfigurationIsVisible = 0;
			defaultConfigurationName = Release;
		};
		C08C56BE1E4F55B7000A539C /* Build configuration list for PBXNativeTarget "PianoCollection" */ = {
			isa = XCConfigurationList;
			buildConfigurations = (
				C08C56BF1E4F55B7000A539C /* Debug */,
				C08C56C01E4F55B7000A539C /* Release */,
			);
			defaultConfigurationIsVisible = 0;
			defaultConfigurationName = Release;
		};
		C08C56C11E4F55B7000A539C /* Build configuration list for PBXNativeTarget "PianoCollectionTests" */ = {
			isa = XCConfigurationList;
			buildConfigurations = (
				C08C56C21E4F55B7000A539C /* Debug */,
				C08C56C31E4F55B7000A539C /* Release */,
			);
			defaultConfigurationIsVisible = 0;
			defaultConfigurationName = Release;
		};
		C08C56C41E4F55B7000A539C /* Build configuration list for PBXNativeTarget "PianoCollectionUITests" */ = {
			isa = XCConfigurationList;
			buildConfigurations = (
				C08C56C51E4F55B7000A539C /* Debug */,
				C08C56C61E4F55B7000A539C /* Release */,
			);
			defaultConfigurationIsVisible = 0;
			defaultConfigurationName = Release;
		};
/* End XCConfigurationList section */
	};
	rootObject = C08C568C1E4F55B7000A539C /* Project object */;
}
